
Microsoft Visual Studio Solution File, Format Version 12.00
# Visual Studio Version 17
VisualStudioVersion = 17.14.36414.22
MinimumVisualStudioVersion = 10.0.40219.1
Project("{FAE04EC0-301F-11D3-BF4B-00C04F79EFBC}") = "PingPongModalWindow", "PingPongModalWindow\PingPongModalWindow.csproj", "{0DE29C17-BF22-4BD4-8916-EA50DC305479}"
	ProjectSection(ProjectDependencies) = postProject
		{38D6F435-B7FE-4601-9265-B70C56657133} = {38D6F435-B7FE-4601-9265-B70C56657133}
	EndProjectSection
EndProject
Project("{FAE04EC0-301F-11D3-BF4B-00C04F79EFBC}") = "Model", "Model\Model.csproj", "{38D6F435-B7FE-4601-9265-B70C56657133}"
EndProject
Global
	GlobalSection(SolutionConfigurationPlatforms) = preSolution
		Debug|Any CPU = Debug|Any CPU
		Release|Any CPU = Release|Any CPU
	EndGlobalSection
	GlobalSection(ProjectConfigurationPlatforms) = postSolution
		{0DE29C17-BF22-4BD4-8916-EA50DC305479}.Debug|Any CPU.ActiveCfg = Debug|Any CPU
		{0DE29C17-BF22-4BD4-8916-EA50DC305479}.Debug|Any CPU.Build.0 = Debug|Any CPU
		{0DE29C17-BF22-4BD4-8916-EA50DC305479}.Release|Any CPU.ActiveCfg = Release|Any CPU
		{0DE29C17-BF22-4BD4-8916-EA50DC305479}.Release|Any CPU.Build.0 = Release|Any CPU
		{38D6F435-B7FE-4601-9265-B70C56657133}.Debug|Any CPU.ActiveCfg = Debug|Any CPU
		{38D6F435-B7FE-4601-9265-B70C56657133}.Debug|Any CPU.Build.0 = Debug|Any CPU
		{38D6F435-B7FE-4601-9265-B70C56657133}.Release|Any CPU.ActiveCfg = Release|Any CPU
		{38D6F435-B7FE-4601-9265-B70C56657133}.Release|Any CPU.Build.0 = Release|Any CPU
	EndGlobalSection
	GlobalSection(SolutionProperties) = preSolution
		HideSolutionNode = FALSE
	EndGlobalSection
	GlobalSection(ExtensibilityGlobals) = postSolution
		SolutionGuid = {3C3AF6A5-E638-431A-A71A-C0CF8B42BD50}
	EndGlobalSection
EndGlobal
